
Microsoft Visual Studio Solution File, Format Version 12.00
# Visual Studio 15
VisualStudioVersion = 15.0.28307.2017
MinimumVisualStudioVersion = 10.0.40219.1
Project("{FAE04EC0-301F-11D3-BF4B-00C04F79EFBC}") = "EntityFrameworkCodeFirst", "EntityFrameworkCodeFirst\EntityFrameworkCodeFirst.csproj", "{9FCE8960-0C50-4AE7-9326-1393EE4CC6ED}"
EndProject
Project("{FAE04EC0-301F-11D3-BF4B-00C04F79EFBC}") = "DataSource", "DataSource\DataSource.csproj", "{1A51D030-49C1-448F-B264-D1779C61C514}"
EndProject
Global
	GlobalSection(SolutionConfigurationPlatforms) = preSolution
		Debug|Any CPU = Debug|Any CPU
		Release|Any CPU = Release|Any CPU
	EndGlobalSection
	GlobalSection(ProjectConfigurationPlatforms) = postSolution
		{9FCE8960-0C50-4AE7-9326-1393EE4CC6ED}.Debug|Any CPU.ActiveCfg = Debug|Any CPU
		{9FCE8960-0C50-4AE7-9326-1393EE4CC6ED}.Debug|Any CPU.Build.0 = Debug|Any CPU
		{9FCE8960-0C50-4AE7-9326-1393EE4CC6ED}.Release|Any CPU.ActiveCfg = Release|Any CPU
		{9FCE8960-0C50-4AE7-9326-1393EE4CC6ED}.Release|Any CPU.Build.0 = Release|Any CPU
		{1A51D030-49C1-448F-B264-D1779C61C514}.Debug|Any CPU.ActiveCfg = Debug|Any CPU
		{1A51D030-49C1-448F-B264-D1779C61C514}.Debug|Any CPU.Build.0 = Debug|Any CPU
		{1A51D030-49C1-448F-B264-D1779C61C514}.Release|Any CPU.ActiveCfg = Release|Any CPU
		{1A51D030-49C1-448F-B264-D1779C61C514}.Release|Any CPU.Build.0 = Release|Any CPU
	EndGlobalSection
	GlobalSection(SolutionProperties) = preSolution
		HideSolutionNode = FALSE
	EndGlobalSection
	GlobalSection(ExtensibilityGlobals) = postSolution
		SolutionGuid = {191134FD-30E4-4C65-8BB7-16F05E1D2374}
	EndGlobalSection
EndGlobal
